{
  "version": 4,
  "terraform_version": "0.14.0",
  "serial": 2759,
  "lineage": "d8b5ceb8-0786-9e25-c561-1c42a6f7336f",
  "outputs": {},
  "resources": [
    {
      "mode": "data",
      "type": "archive_file",
      "name": "lambda",
      "provider": "provider[\"registry.terraform.io/hashicorp/archive\"]",
      "instances": [
        {
          "schema_version": 0,
          "attributes": {
            "excludes": null,
            "id": "669b00b36a0ebb95408d2914f99b9f2561530d34",
            "output_base64sha256": "HvN3urc6QDJcVoufqObDfH7/n9O9nvUShw2wAsZTFFU=",
            "output_file_mode": null,
            "output_md5": "e1db8246dcaf658e9bdd2000d290ab7e",
            "output_path": "./scrip-lambda-to-s3.py.zip",
            "output_sha": "669b00b36a0ebb95408d2914f99b9f2561530d34",
            "output_size": 872,
            "source": [],
            "source_content": null,
            "source_content_filename": null,
            "source_dir": null,
            "source_file": "./scrip-lambda-to-s3.py",
            "type": "zip"
          },
          "sensitive_attributes": []
        }
      ]
    },
    {
      "mode": "data",
      "type": "archive_file",
      "name": "lambda_kinesis",
      "provider": "provider[\"registry.terraform.io/hashicorp/archive\"]",
      "instances": [
        {
          "schema_version": 0,
          "attributes": {
            "excludes": null,
            "id": "9ec81b175471e6ea468b22bbaa674de0420094ba",
            "output_base64sha256": "OFjrtE7qVHMfdTXh6sf5/oSOR6ZYg2hGUBs+m3DNWq4=",
            "output_file_mode": null,
            "output_md5": "60adcf565e4177dafca84f2df704ed00",
            "output_path": "./script-lambda-kinesis.py.zip",
            "output_sha": "9ec81b175471e6ea468b22bbaa674de0420094ba",
            "output_size": 585,
            "source": [],
            "source_content": null,
            "source_content_filename": null,
            "source_dir": null,
            "source_file": "./script-lambda-kinesis.py",
            "type": "zip"
          },
          "sensitive_attributes": []
        }
      ]
    },
    {
      "mode": "data",
      "type": "aws_iam_policy_document",
      "name": "topic_policy",
      "provider": "provider[\"registry.terraform.io/hashicorp/aws\"]",
      "instances": [
        {
          "schema_version": 0,
          "attributes": {
            "id": "2327688597",
            "json": "{\n  \"Version\": \"2012-10-17\",\n  \"Statement\": [\n    {\n      \"Sid\": \"\",\n      \"Effect\": \"Allow\",\n      \"Action\": \"SNS:Publish\",\n      \"Resource\": \"arn:aws:events:us-east-1:819745343494:rule/CloudWatch-to-lambda\",\n      \"Principal\": {\n        \"Service\": \"events.amazonaws.com\"\n      }\n    }\n  ]\n}",
            "override_json": null,
            "override_policy_documents": null,
            "policy_id": null,
            "source_json": null,
            "source_policy_documents": null,
            "statement": [
              {
                "actions": [
                  "SNS:Publish"
                ],
                "condition": [],
                "effect": "Allow",
                "not_actions": [],
                "not_principals": [],
                "not_resources": [],
                "principals": [
                  {
                    "identifiers": [
                      "events.amazonaws.com"
                    ],
                    "type": "Service"
                  }
                ],
                "resources": [
                  "arn:aws:events:us-east-1:819745343494:rule/CloudWatch-to-lambda"
                ],
                "sid": ""
              }
            ],
            "version": "2012-10-17"
          },
          "sensitive_attributes": []
        }
      ]
    },
    {
      "mode": "managed",
      "type": "aws_cloudwatch_event_rule",
      "name": "console",
      "provider": "provider[\"registry.terraform.io/hashicorp/aws\"]",
      "instances": [
        {
          "schema_version": 0,
          "attributes": {
            "arn": "arn:aws:events:us-east-1:819745343494:rule/CloudWatch-to-lambda",
            "description": "Um CloudWatch Event que dispara a cada 5 minutos uma função Lambda para alimentar o Kinesis Stream",
            "event_bus_name": "default",
            "event_pattern": "{\"detail-type\":[\"AWS Console Sign In via CloudTrail\"]}",
            "id": "CloudWatch-to-lambda",
            "is_enabled": true,
            "name": "CloudWatch-to-lambda",
            "name_prefix": "",
            "role_arn": "",
            "schedule_expression": "cron(0/3 * ? * FRI *)",
            "tags": null,
            "tags_all": {}
          },
          "sensitive_attributes": [],
          "private": "bnVsbA==",
          "dependencies": [
            "aws_iam_role.iam_for_lambda",
            "aws_lambda_function.lambda-to-s3",
            "data.archive_file.lambda"
          ]
        }
      ]
    },
    {
      "mode": "managed",
      "type": "aws_cloudwatch_event_target",
      "name": "yada",
      "provider": "provider[\"registry.terraform.io/hashicorp/aws\"]",
      "instances": [
        {
          "schema_version": 1,
          "attributes": {
            "arn": "arn:aws:lambda:us-east-1:819745343494:function:lambda-to-s3",
            "batch_target": [],
            "dead_letter_config": [],
            "ecs_target": [],
            "event_bus_name": "default",
            "http_target": [],
            "id": "CloudWatch-to-lambda-console",
            "input": "",
            "input_path": "",
            "input_transformer": [],
            "kinesis_target": [],
            "redshift_target": [],
            "retry_policy": [],
            "role_arn": "",
            "rule": "CloudWatch-to-lambda",
            "run_command_targets": [],
            "sqs_target": [],
            "target_id": "console"
          },
          "sensitive_attributes": [],
          "private": "eyJzY2hlbWFfdmVyc2lvbiI6IjEifQ==",
          "dependencies": [
            "aws_cloudwatch_event_rule.console",
            "aws_iam_role.iam_for_lambda",
            "aws_lambda_function.lambda-to-s3",
            "data.archive_file.lambda"
          ]
        }
      ]
    },
    {
      "mode": "managed",
      "type": "aws_glue_catalog_database",
      "name": "databasecleaned",
      "provider": "provider[\"registry.terraform.io/hashicorp/aws\"]",
      "instances": [
        {
          "schema_version": 0,
          "attributes": {
            "arn": "arn:aws:glue:us-east-1:819745343494:database/databasecleaned",
            "catalog_id": "819745343494",
            "description": "",
            "id": "819745343494:databasecleaned",
            "location_uri": "",
            "name": "databasecleaned",
            "parameters": null,
            "target_database": []
          },
          "sensitive_attributes": [],
          "private": "bnVsbA=="
        }
      ]
    },
    {
      "mode": "managed",
      "type": "aws_glue_catalog_table",
      "name": "cerveja",
      "provider": "provider[\"registry.terraform.io/hashicorp/aws\"]",
      "instances": [
        {
          "schema_version": 0,
          "attributes": {
            "arn": "arn:aws:glue:us-east-1:819745343494:table/databasecleaned/cerveja",
            "catalog_id": "819745343494",
            "database_name": "databasecleaned",
            "description": "",
            "id": "819745343494:databasecleaned:cerveja",
            "name": "cerveja",
            "owner": "",
            "parameters": null,
            "partition_index": [],
            "partition_keys": [],
            "retention": 0,
            "storage_descriptor": [],
            "table_type": "",
            "target_table": [],
            "view_expanded_text": "",
            "view_original_text": ""
          },
          "sensitive_attributes": [],
          "private": "bnVsbA==",
          "dependencies": [
            "aws_glue_catalog_database.databasecleaned"
          ]
        }
      ]
    },
    {
      "mode": "managed",
      "type": "aws_glue_classifier",
      "name": "example",
      "provider": "provider[\"registry.terraform.io/hashicorp/aws\"]",
      "instances": [
        {
          "schema_version": 0,
          "attributes": {
            "csv_classifier": [
              {
                "allow_single_column": false,
                "contains_header": "PRESENT",
                "delimiter": ",",
                "disable_value_trimming": false,
                "header": [
                  "example1",
                  "example2"
                ],
                "quote_symbol": "'"
              }
            ],
            "grok_classifier": [],
            "id": "example",
            "json_classifier": [],
            "name": "example",
            "xml_classifier": []
          },
          "sensitive_attributes": [],
          "private": "bnVsbA=="
        }
      ]
    },
    {
      "mode": "managed",
      "type": "aws_iam_policy",
      "name": "allow_kinesis",
      "provider": "provider[\"registry.terraform.io/hashicorp/aws\"]",
      "instances": [
        {
          "schema_version": 0,
          "attributes": {
            "arn": "arn:aws:iam::819745343494:policy/allow_kinesis",
            "description": "IAM policy for logging from a lambda",
            "id": "arn:aws:iam::819745343494:policy/allow_kinesis",
            "name": "allow_kinesis",
            "name_prefix": null,
            "path": "/",
            "policy": "{\n  \"Version\": \"2012-10-17\",\n  \"Statement\": [\n    {\n      \"Action\": [\n        \"kinesis:ListShards\",\n        \"kinesis:ListStreams\",\n        \"kinesis:*\"\n      ],\n      \"Resource\": \"arn:aws:kinesis:*:*:*\",\n      \"Effect\": \"Allow\"\n    },\n    {\n      \"Action\": [\n        \"stream:GetRecord\",\n        \"stream:GetShardIterator\",\n        \"stream:DescribeStream\",\n        \"stream:*\"\n      ],\n      \"Resource\": \"arn:aws:stream:*:*:*\",\n      \"Effect\": \"Allow\"\n    }\n  ]\n}\n",
            "policy_id": "ANPA35XFBJADKTA4XIHQD",
            "tags": null,
            "tags_all": {}
          },
          "sensitive_attributes": [],
          "private": "bnVsbA=="
        }
      ]
    },
    {
      "mode": "managed",
      "type": "aws_iam_policy",
      "name": "allow_kinesis_processing",
      "provider": "provider[\"registry.terraform.io/hashicorp/aws\"]",
      "instances": [
        {
          "schema_version": 0,
          "attributes": {
            "arn": "arn:aws:iam::819745343494:policy/allow_kinesis_processing",
            "description": "IAM policy for logging from a lambda",
            "id": "arn:aws:iam::819745343494:policy/allow_kinesis_processing",
            "name": "allow_kinesis_processing",
            "name_prefix": null,
            "path": "/",
            "policy": "{\n  \"Version\": \"2012-10-17\",\n  \"Statement\": [\n    {\n      \"Action\": [\n        \"kinesis:ListShards\",\n        \"kinesis:ListStreams\",\n        \"kinesis:*\"\n      ],\n      \"Resource\": \"arn:aws:kinesis:*:*:*\",\n      \"Effect\": \"Allow\"\n    },\n    {\n      \"Action\": [\n        \"stream:GetRecord\",\n        \"stream:GetShardIterator\",\n        \"stream:DescribeStream\",\n        \"stream: ListShards\",\n        \"stream:ListStreams\",\n        \"stream:*\"\n      ],\n      \"Resource\": \"arn:aws:stream:*:*:*\",\n      \"Effect\": \"Allow\"\n    }\n  ]\n}\n",
            "policy_id": "ANPA35XFBJADACZ7QPVXT",
            "tags": null,
            "tags_all": {}
          },
          "sensitive_attributes": [],
          "private": "bnVsbA=="
        }
      ]
    },
    {
      "mode": "managed",
      "type": "aws_iam_role",
      "name": "firehose_role",
      "provider": "provider[\"registry.terraform.io/hashicorp/aws\"]",
      "instances": [
        {
          "schema_version": 0,
          "attributes": {
            "arn": "arn:aws:iam::819745343494:role/firehose_test_role",
            "assume_role_policy": "{\"Version\":\"2012-10-17\",\"Statement\":[{\"Sid\":\"\",\"Effect\":\"Allow\",\"Principal\":{\"Service\":\"firehose.amazonaws.com\"},\"Action\":\"sts:AssumeRole\"}]}",
            "create_date": "2021-09-29T13:31:22Z",
            "description": "",
            "force_detach_policies": false,
            "id": "firehose_test_role",
            "inline_policy": [
              {
                "name": "",
                "policy": ""
              }
            ],
            "managed_policy_arns": [],
            "max_session_duration": 3600,
            "name": "firehose_test_role",
            "name_prefix": null,
            "path": "/",
            "permissions_boundary": null,
            "tags": null,
            "tags_all": {},
            "unique_id": "AROA35XFBJADIUW5B7BDM"
          },
          "sensitive_attributes": [],
          "private": "bnVsbA=="
        }
      ]
    },
    {
      "mode": "managed",
      "type": "aws_iam_role",
      "name": "iam_for_lambda",
      "provider": "provider[\"registry.terraform.io/hashicorp/aws\"]",
      "instances": [
        {
          "schema_version": 0,
          "attributes": {
            "arn": "arn:aws:iam::819745343494:role/iam_for_lambda",
            "assume_role_policy": "{\"Version\":\"2012-10-17\",\"Statement\":[{\"Sid\":\"\",\"Effect\":\"Allow\",\"Principal\":{\"Service\":\"lambda.amazonaws.com\"},\"Action\":\"sts:AssumeRole\"}]}",
            "create_date": "2021-09-29T13:31:22Z",
            "description": "",
            "force_detach_policies": false,
            "id": "iam_for_lambda",
            "inline_policy": [
              {
                "name": "",
                "policy": ""
              }
            ],
            "managed_policy_arns": [],
            "max_session_duration": 3600,
            "name": "iam_for_lambda",
            "name_prefix": null,
            "path": "/",
            "permissions_boundary": null,
            "tags": null,
            "tags_all": {},
            "unique_id": "AROA35XFBJADP4U6ODEK6"
          },
          "sensitive_attributes": [],
          "private": "bnVsbA=="
        }
      ]
    },
    {
      "mode": "managed",
      "type": "aws_iam_role",
      "name": "iam_for_lambda_kinesis",
      "provider": "provider[\"registry.terraform.io/hashicorp/aws\"]",
      "instances": [
        {
          "schema_version": 0,
          "attributes": {
            "arn": "arn:aws:iam::819745343494:role/iam_for_lambda_kinesis",
            "assume_role_policy": "{\"Version\":\"2012-10-17\",\"Statement\":[{\"Sid\":\"\",\"Effect\":\"Allow\",\"Principal\":{\"Service\":\"lambda.amazonaws.com\"},\"Action\":\"sts:AssumeRole\"}]}",
            "create_date": "2021-09-29T13:31:22Z",
            "description": "",
            "force_detach_policies": false,
            "id": "iam_for_lambda_kinesis",
            "inline_policy": [
              {
                "name": "",
                "policy": ""
              }
            ],
            "managed_policy_arns": [],
            "max_session_duration": 3600,
            "name": "iam_for_lambda_kinesis",
            "name_prefix": null,
            "path": "/",
            "permissions_boundary": null,
            "tags": null,
            "tags_all": {},
            "unique_id": "AROA35XFBJADBEFGALCV2"
          },
          "sensitive_attributes": [],
          "private": "bnVsbA=="
        }
      ]
    },
    {
      "mode": "managed",
      "type": "aws_iam_role_policy_attachment",
      "name": "kinesis_processing",
      "provider": "provider[\"registry.terraform.io/hashicorp/aws\"]",
      "instances": [
        {
          "schema_version": 0,
          "attributes": {
            "id": "iam_for_lambda_kinesis-20210929133126108800000001",
            "policy_arn": "arn:aws:iam::819745343494:policy/allow_kinesis",
            "role": "iam_for_lambda_kinesis"
          },
          "sensitive_attributes": [],
          "private": "bnVsbA==",
          "dependencies": [
            "aws_iam_policy.allow_kinesis",
            "aws_iam_role.iam_for_lambda_kinesis"
          ]
        }
      ]
    },
    {
      "mode": "managed",
      "type": "aws_kinesis_firehose_delivery_stream",
      "name": "firehose_cleaned",
      "provider": "provider[\"registry.terraform.io/hashicorp/aws\"]",
      "instances": [
        {
          "schema_version": 1,
          "attributes": {
            "arn": "arn:aws:firehose:us-east-1:819745343494:deliverystream/firehose_cleaned",
            "destination": "extended_s3",
            "destination_id": "destinationId-000000000001",
            "elasticsearch_configuration": [],
            "extended_s3_configuration": [
              {
                "bucket_arn": "arn:aws:s3:::cleaned-000",
                "buffer_interval": 300,
                "buffer_size": 5,
                "cloudwatch_logging_options": [
                  {
                    "enabled": false,
                    "log_group_name": "",
                    "log_stream_name": ""
                  }
                ],
                "compression_format": "UNCOMPRESSED",
                "data_format_conversion_configuration": [],
                "error_output_prefix": "",
                "kms_key_arn": "",
                "prefix": "",
                "processing_configuration": [
                  {
                    "enabled": true,
                    "processors": [
                      {
                        "parameters": [
                          {
                            "parameter_name": "LambdaArn",
                            "parameter_value": "arn:aws:lambda:us-east-1:819745343494:function:lambda-to-s3:$LATEST"
                          }
                        ],
                        "type": "Lambda"
                      }
                    ]
                  }
                ],
                "role_arn": "arn:aws:iam::819745343494:role/firehose_test_role",
                "s3_backup_configuration": [],
                "s3_backup_mode": "Disabled"
              }
            ],
            "http_endpoint_configuration": [],
            "id": "arn:aws:firehose:us-east-1:819745343494:deliverystream/firehose_cleaned",
            "kinesis_source_configuration": [],
            "name": "firehose_cleaned",
            "redshift_configuration": [],
            "s3_configuration": [],
            "server_side_encryption": [
              {
                "enabled": false,
                "key_arn": "",
                "key_type": "AWS_OWNED_CMK"
              }
            ],
            "splunk_configuration": [],
            "tags": null,
            "tags_all": {},
            "version_id": "1"
          },
          "sensitive_attributes": [],
          "private": "eyJzY2hlbWFfdmVyc2lvbiI6IjEifQ==",
          "dependencies": [
            "aws_iam_role.firehose_role",
            "aws_iam_role.iam_for_lambda",
            "aws_lambda_function.lambda-to-s3",
            "aws_s3_bucket.cleaned-000",
            "data.archive_file.lambda"
          ]
        }
      ]
    },
    {
      "mode": "managed",
      "type": "aws_kinesis_firehose_delivery_stream",
      "name": "raw",
      "provider": "provider[\"registry.terraform.io/hashicorp/aws\"]",
      "instances": [
        {
          "schema_version": 1,
          "attributes": {
            "arn": "arn:aws:firehose:us-east-1:819745343494:deliverystream/firehose_raw",
            "destination": "extended_s3",
            "destination_id": "destinationId-000000000001",
            "elasticsearch_configuration": [],
            "extended_s3_configuration": [
              {
                "bucket_arn": "arn:aws:s3:::raw-000",
                "buffer_interval": 300,
                "buffer_size": 5,
                "cloudwatch_logging_options": [
                  {
                    "enabled": false,
                    "log_group_name": "",
                    "log_stream_name": ""
                  }
                ],
                "compression_format": "UNCOMPRESSED",
                "data_format_conversion_configuration": [],
                "error_output_prefix": "",
                "kms_key_arn": "",
                "prefix": "",
                "processing_configuration": [
                  {
                    "enabled": false,
                    "processors": []
                  }
                ],
                "role_arn": "arn:aws:iam::819745343494:role/firehose_test_role",
                "s3_backup_configuration": [],
                "s3_backup_mode": "Disabled"
              }
            ],
            "http_endpoint_configuration": [],
            "id": "arn:aws:firehose:us-east-1:819745343494:deliverystream/firehose_raw",
            "kinesis_source_configuration": [],
            "name": "firehose_raw",
            "redshift_configuration": [],
            "s3_configuration": [],
            "server_side_encryption": [
              {
                "enabled": false,
                "key_arn": "",
                "key_type": "AWS_OWNED_CMK"
              }
            ],
            "splunk_configuration": [],
            "tags": null,
            "tags_all": {},
            "version_id": "1"
          },
          "sensitive_attributes": [],
          "private": "eyJzY2hlbWFfdmVyc2lvbiI6IjEifQ==",
          "dependencies": [
            "aws_iam_role.firehose_role",
            "aws_s3_bucket.raw-000"
          ]
        }
      ]
    },
    {
      "mode": "managed",
      "type": "aws_kinesis_stream",
      "name": "kinesis_stream",
      "provider": "provider[\"registry.terraform.io/hashicorp/aws\"]",
      "instances": [
        {
          "schema_version": 1,
          "attributes": {
            "arn": "arn:aws:kinesis:us-east-1:819745343494:stream/terraform-kinesis-000",
            "encryption_type": "NONE",
            "enforce_consumer_deletion": false,
            "id": "arn:aws:kinesis:us-east-1:819745343494:stream/terraform-kinesis-000",
            "kms_key_id": "",
            "name": "terraform-kinesis-000",
            "retention_period": 48,
            "shard_count": 1,
            "shard_level_metrics": [
              "IncomingBytes",
              "OutgoingBytes"
            ],
            "tags": null,
            "tags_all": {},
            "timeouts": null
          },
          "sensitive_attributes": [],
          "private": "eyJlMmJmYjczMC1lY2FhLTExZTYtOGY4OC0zNDM2M2JjN2M0YzAiOnsiY3JlYXRlIjozMDAwMDAwMDAwMDAsImRlbGV0ZSI6NzIwMDAwMDAwMDAwMCwidXBkYXRlIjo3MjAwMDAwMDAwMDAwfSwic2NoZW1hX3ZlcnNpb24iOiIxIn0="
        }
      ]
    },
    {
      "mode": "managed",
      "type": "aws_lambda_alias",
      "name": "lambda_kinesis_alias",
      "provider": "provider[\"registry.terraform.io/hashicorp/aws\"]",
      "instances": [
        {
          "schema_version": 0,
          "attributes": {
            "arn": "arn:aws:lambda:us-east-1:819745343494:function:lambda-to-kinesis:lambdakinesisalias",
            "description": "Função Lambda para alimentar o Kinesis Stream",
            "function_name": "lambda-to-kinesis",
            "function_version": "$LATEST",
            "id": "arn:aws:lambda:us-east-1:819745343494:function:lambda-to-kinesis:lambdakinesisalias",
            "invoke_arn": "arn:aws:apigateway:us-east-1:lambda:path/2015-03-31/functions/arn:aws:lambda:us-east-1:819745343494:function:lambda-to-kinesis:lambdakinesisalias/invocations",
            "name": "lambdakinesisalias",
            "routing_config": []
          },
          "sensitive_attributes": [],
          "private": "bnVsbA==",
          "dependencies": [
            "aws_iam_role.iam_for_lambda_kinesis",
            "aws_lambda_function.lambda-to-kinesis",
            "data.archive_file.lambda_kinesis"
          ]
        }
      ]
    },
    {
      "mode": "managed",
      "type": "aws_lambda_alias",
      "name": "lambda_s3_alias",
      "provider": "provider[\"registry.terraform.io/hashicorp/aws\"]",
      "instances": [
        {
          "schema_version": 0,
          "attributes": {
            "arn": "arn:aws:lambda:us-east-1:819745343494:function:lambda-to-s3:lambdakinesisalias",
            "description": "a sample description",
            "function_name": "lambda-to-s3",
            "function_version": "$LATEST",
            "id": "arn:aws:lambda:us-east-1:819745343494:function:lambda-to-s3:lambdakinesisalias",
            "invoke_arn": "arn:aws:apigateway:us-east-1:lambda:path/2015-03-31/functions/arn:aws:lambda:us-east-1:819745343494:function:lambda-to-s3:lambdakinesisalias/invocations",
            "name": "lambdakinesisalias",
            "routing_config": []
          },
          "sensitive_attributes": [],
          "private": "bnVsbA==",
          "dependencies": [
            "aws_iam_role.iam_for_lambda",
            "aws_lambda_function.lambda-to-s3",
            "data.archive_file.lambda"
          ]
        }
      ]
    },
    {
      "mode": "managed",
      "type": "aws_lambda_event_source_mapping",
      "name": "example",
      "provider": "provider[\"registry.terraform.io/hashicorp/aws\"]",
      "instances": [
        {
          "schema_version": 0,
          "attributes": {
            "batch_size": 100,
            "bisect_batch_on_function_error": false,
            "destination_config": [
              {
                "on_failure": [
                  {
                    "destination_arn": null
                  }
                ]
              }
            ],
            "enabled": true,
            "event_source_arn": "arn:aws:kinesis:us-east-1:819745343494:stream/terraform-kinesis-000",
            "function_arn": "arn:aws:lambda:us-east-1:819745343494:function:lambda-to-kinesis",
            "function_name": "arn:aws:lambda:us-east-1:819745343494:function:lambda-to-kinesis",
            "function_response_types": null,
            "id": "1171414c-7744-4614-8a41-4c1045fc9751",
            "last_modified": "2021-09-29T13:32:00Z",
            "last_processing_result": "No records processed",
            "maximum_batching_window_in_seconds": 0,
            "maximum_record_age_in_seconds": -1,
            "maximum_retry_attempts": -1,
            "parallelization_factor": 1,
            "queues": null,
            "self_managed_event_source": [],
            "source_access_configuration": [],
            "starting_position": "LATEST",
            "starting_position_timestamp": "",
            "state": "Enabled",
            "state_transition_reason": "User action",
            "topics": null,
            "tumbling_window_in_seconds": 0,
            "uuid": "1171414c-7744-4614-8a41-4c1045fc9751"
          },
          "sensitive_attributes": [],
          "private": "bnVsbA==",
          "dependencies": [
            "aws_iam_policy.allow_kinesis",
            "aws_iam_role.iam_for_lambda_kinesis",
            "aws_iam_role_policy_attachment.kinesis_processing",
            "aws_kinesis_stream.kinesis_stream",
            "aws_lambda_function.lambda-to-kinesis",
            "data.archive_file.lambda_kinesis"
          ]
        }
      ]
    },
    {
      "mode": "managed",
      "type": "aws_lambda_function",
      "name": "lambda-to-kinesis",
      "provider": "provider[\"registry.terraform.io/hashicorp/aws\"]",
      "instances": [
        {
          "schema_version": 0,
          "attributes": {
            "arn": "arn:aws:lambda:us-east-1:819745343494:function:lambda-to-kinesis",
            "code_signing_config_arn": "",
            "dead_letter_config": [],
            "description": "",
            "environment": [],
            "file_system_config": [],
            "filename": "./script-lambda-kinesis.py.zip",
            "function_name": "lambda-to-kinesis",
            "handler": "main.lambda_handler",
            "id": "lambda-to-kinesis",
            "image_config": [],
            "image_uri": "",
            "invoke_arn": "arn:aws:apigateway:us-east-1:lambda:path/2015-03-31/functions/arn:aws:lambda:us-east-1:819745343494:function:lambda-to-kinesis/invocations",
            "kms_key_arn": "",
            "last_modified": "2021-09-29T13:31:39.998+0000",
            "layers": null,
            "memory_size": 128,
            "package_type": "Zip",
            "publish": false,
            "qualified_arn": "arn:aws:lambda:us-east-1:819745343494:function:lambda-to-kinesis:$LATEST",
            "reserved_concurrent_executions": -1,
            "role": "arn:aws:iam::819745343494:role/iam_for_lambda_kinesis",
            "runtime": "python3.7",
            "s3_bucket": null,
            "s3_key": null,
            "s3_object_version": null,
            "signing_job_arn": "",
            "signing_profile_version_arn": "",
            "source_code_hash": "OFjrtE7qVHMfdTXh6sf5/oSOR6ZYg2hGUBs+m3DNWq4=",
            "source_code_size": 585,
            "tags": null,
            "tags_all": {},
            "timeout": 120,
            "timeouts": null,
            "tracing_config": [
              {
                "mode": "PassThrough"
              }
            ],
            "version": "$LATEST",
            "vpc_config": []
          },
          "sensitive_attributes": [],
          "private": "eyJlMmJmYjczMC1lY2FhLTExZTYtOGY4OC0zNDM2M2JjN2M0YzAiOnsiY3JlYXRlIjo2MDAwMDAwMDAwMDB9fQ==",
          "dependencies": [
            "aws_iam_role.iam_for_lambda_kinesis",
            "data.archive_file.lambda_kinesis"
          ]
        }
      ]
    },
    {
      "mode": "managed",
      "type": "aws_lambda_function",
      "name": "lambda-to-s3",
      "provider": "provider[\"registry.terraform.io/hashicorp/aws\"]",
      "instances": [
        {
          "schema_version": 0,
          "attributes": {
            "arn": "arn:aws:lambda:us-east-1:819745343494:function:lambda-to-s3",
            "code_signing_config_arn": "",
            "dead_letter_config": [],
            "description": "pega somente os id, name, abv, ibu, target_fg, target_og, ebc, srm e ph das cervejas e guarda em um outro bucket S3 com o nome de cleaned em formato csv",
            "environment": [],
            "file_system_config": [],
            "filename": "./scrip-lambda-to-s3.py.zip",
            "function_name": "lambda-to-s3",
            "handler": "scrip-lambda-to-s3.lambda_handler",
            "id": "lambda-to-s3",
            "image_config": [],
            "image_uri": "",
            "invoke_arn": "arn:aws:apigateway:us-east-1:lambda:path/2015-03-31/functions/arn:aws:lambda:us-east-1:819745343494:function:lambda-to-s3/invocations",
            "kms_key_arn": "",
            "last_modified": "2021-09-29T13:31:31.552+0000",
            "layers": null,
            "memory_size": 128,
            "package_type": "Zip",
            "publish": false,
            "qualified_arn": "arn:aws:lambda:us-east-1:819745343494:function:lambda-to-s3:$LATEST",
            "reserved_concurrent_executions": -1,
            "role": "arn:aws:iam::819745343494:role/iam_for_lambda",
            "runtime": "python3.7",
            "s3_bucket": null,
            "s3_key": null,
            "s3_object_version": null,
            "signing_job_arn": "",
            "signing_profile_version_arn": "",
            "source_code_hash": "HvN3urc6QDJcVoufqObDfH7/n9O9nvUShw2wAsZTFFU=",
            "source_code_size": 872,
            "tags": null,
            "tags_all": {},
            "timeout": 120,
            "timeouts": null,
            "tracing_config": [
              {
                "mode": "PassThrough"
              }
            ],
            "version": "$LATEST",
            "vpc_config": []
          },
          "sensitive_attributes": [],
          "private": "eyJlMmJmYjczMC1lY2FhLTExZTYtOGY4OC0zNDM2M2JjN2M0YzAiOnsiY3JlYXRlIjo2MDAwMDAwMDAwMDB9fQ==",
          "dependencies": [
            "aws_iam_role.iam_for_lambda",
            "data.archive_file.lambda"
          ]
        }
      ]
    },
    {
      "mode": "managed",
      "type": "aws_lambda_permission",
      "name": "allow_bucket",
      "provider": "provider[\"registry.terraform.io/hashicorp/aws\"]",
      "instances": [
        {
          "schema_version": 0,
          "attributes": {
            "action": "lambda:InvokeFunction",
            "event_source_token": null,
            "function_name": "arn:aws:lambda:us-east-1:819745343494:function:lambda-to-s3",
            "id": "AllowExecutionFromS3Bucket",
            "principal": "s3.amazonaws.com",
            "qualifier": "",
            "source_account": null,
            "source_arn": "arn:aws:s3:::cleaned-000",
            "statement_id": "AllowExecutionFromS3Bucket",
            "statement_id_prefix": null
          },
          "sensitive_attributes": [],
          "private": "bnVsbA==",
          "dependencies": [
            "aws_iam_role.iam_for_lambda",
            "aws_lambda_function.lambda-to-s3",
            "aws_s3_bucket.cleaned-000",
            "data.archive_file.lambda"
          ]
        }
      ]
    },
    {
      "mode": "managed",
      "type": "aws_lambda_permission",
      "name": "allow_cloudwatch",
      "provider": "provider[\"registry.terraform.io/hashicorp/aws\"]",
      "instances": [
        {
          "schema_version": 0,
          "attributes": {
            "action": "lambda:InvokeFunction",
            "event_source_token": null,
            "function_name": "lambda-to-kinesis",
            "id": "AllowExecutionFromCloudWatch",
            "principal": "events.amazonaws.com",
            "qualifier": "lambdakinesisalias",
            "source_account": null,
            "source_arn": "arn:aws:events:eu-west-1:111122223333:rule/RunDaily",
            "statement_id": "AllowExecutionFromCloudWatch",
            "statement_id_prefix": null
          },
          "sensitive_attributes": [],
          "private": "bnVsbA==",
          "dependencies": [
            "aws_iam_role.iam_for_lambda_kinesis",
            "aws_lambda_alias.lambda_kinesis_alias",
            "aws_lambda_function.lambda-to-kinesis",
            "data.archive_file.lambda_kinesis"
          ]
        }
      ]
    },
    {
      "mode": "managed",
      "type": "aws_lambda_permission",
      "name": "allow_cloudwatch_test",
      "provider": "provider[\"registry.terraform.io/hashicorp/aws\"]",
      "instances": [
        {
          "schema_version": 0,
          "attributes": {
            "action": "lambda:InvokeFunction",
            "event_source_token": null,
            "function_name": "lambda-to-s3",
            "id": "AllowExecutionFromCloudWatch",
            "principal": "events.amazonaws.com",
            "qualifier": "",
            "source_account": null,
            "source_arn": "arn:aws:events:us-east-1:819745343494:rule/CloudWatch-to-lambda",
            "statement_id": "AllowExecutionFromCloudWatch",
            "statement_id_prefix": null
          },
          "sensitive_attributes": [],
          "private": "bnVsbA==",
          "dependencies": [
            "aws_cloudwatch_event_rule.console",
            "aws_iam_role.iam_for_lambda",
            "aws_lambda_function.lambda-to-s3",
            "data.archive_file.lambda"
          ]
        }
      ]
    },
    {
      "mode": "managed",
      "type": "aws_s3_bucket",
      "name": "cleaned-000",
      "provider": "provider[\"registry.terraform.io/hashicorp/aws\"]",
      "instances": [
        {
          "schema_version": 0,
          "attributes": {
            "acceleration_status": "",
            "acl": "private",
            "arn": "arn:aws:s3:::cleaned-000",
            "bucket": "cleaned-000",
            "bucket_domain_name": "cleaned-000.s3.amazonaws.com",
            "bucket_prefix": null,
            "bucket_regional_domain_name": "cleaned-000.s3.amazonaws.com",
            "cors_rule": [],
            "force_destroy": false,
            "grant": [],
            "hosted_zone_id": "Z3AQBSTGFYJSTF",
            "id": "cleaned-000",
            "lifecycle_rule": [],
            "logging": [],
            "object_lock_configuration": [],
            "policy": null,
            "region": "us-east-1",
            "replication_configuration": [],
            "request_payer": "BucketOwner",
            "server_side_encryption_configuration": [],
            "tags": null,
            "tags_all": {},
            "versioning": [
              {
                "enabled": false,
                "mfa_delete": false
              }
            ],
            "website": [],
            "website_domain": null,
            "website_endpoint": null
          },
          "sensitive_attributes": [],
          "private": "bnVsbA=="
        }
      ]
    },
    {
      "mode": "managed",
      "type": "aws_s3_bucket",
      "name": "raw-000",
      "provider": "provider[\"registry.terraform.io/hashicorp/aws\"]",
      "instances": [
        {
          "schema_version": 0,
          "attributes": {
            "acceleration_status": "",
            "acl": "private",
            "arn": "arn:aws:s3:::raw-000",
            "bucket": "raw-000",
            "bucket_domain_name": "raw-000.s3.amazonaws.com",
            "bucket_prefix": null,
            "bucket_regional_domain_name": "raw-000.s3.amazonaws.com",
            "cors_rule": [],
            "force_destroy": false,
            "grant": [],
            "hosted_zone_id": "Z3AQBSTGFYJSTF",
            "id": "raw-000",
            "lifecycle_rule": [],
            "logging": [],
            "object_lock_configuration": [],
            "policy": null,
            "region": "us-east-1",
            "replication_configuration": [],
            "request_payer": "BucketOwner",
            "server_side_encryption_configuration": [],
            "tags": null,
            "tags_all": {},
            "versioning": [
              {
                "enabled": false,
                "mfa_delete": false
              }
            ],
            "website": [],
            "website_domain": null,
            "website_endpoint": null
          },
          "sensitive_attributes": [],
          "private": "bnVsbA=="
        }
      ]
    },
    {
      "mode": "managed",
      "type": "aws_s3_bucket_notification",
      "name": "bucket_notification",
      "provider": "provider[\"registry.terraform.io/hashicorp/aws\"]",
      "instances": [
        {
          "schema_version": 0,
          "attributes": {
            "bucket": "cleaned-000",
            "id": "cleaned-000",
            "lambda_function": [
              {
                "events": [
                  "s3:ObjectCreated:*"
                ],
                "filter_prefix": "AWSLogs/",
                "filter_suffix": ".log",
                "id": "tf-s3-lambda-20210929133139485900000002",
                "lambda_function_arn": "arn:aws:lambda:us-east-1:819745343494:function:lambda-to-s3"
              }
            ],
            "queue": [],
            "topic": []
          },
          "sensitive_attributes": [],
          "private": "bnVsbA==",
          "dependencies": [
            "aws_iam_role.iam_for_lambda",
            "aws_lambda_function.lambda-to-s3",
            "aws_s3_bucket.cleaned-000",
            "data.archive_file.lambda"
          ]
        }
      ]
    },
    {
      "mode": "managed",
      "type": "aws_s3_bucket_policy",
      "name": "b",
      "provider": "provider[\"registry.terraform.io/hashicorp/aws\"]",
      "instances": [
        {
          "schema_version": 0,
          "attributes": {
            "bucket": "cleaned-000",
            "id": "cleaned-000",
            "policy": "{\"Statement\":[{\"Action\":[\"s3:PutObject\",\"s3:PutObjectAcl\",\"s3:GetObject\",\"s3:GetObjectAcl\",\"s3:DeleteObject\"],\"Effect\":\"Allow\",\"Principal\":\"*\",\"Resource\":\"arn:aws:s3:::cleaned-000/*\",\"Sid\":\"PublicReadGetObject\"}],\"Version\":\"2012-10-17\"}"
          },
          "sensitive_attributes": [],
          "private": "bnVsbA==",
          "dependencies": [
            "aws_s3_bucket.cleaned-000"
          ]
        }
      ]
    }
  ]
}
